// !$*UTF8*$!
{
	archiveVersion = 1;
	classes = {
	};
	objectVersion = 56;
	objects = {

/* Begin PBXBuildFile section */
		180320072BBB062800898B7E /* PreviewSampleData.swift in Sources */ = {isa = PBXBuildFile; fileRef = 180320062BBB062800898B7E /* PreviewSampleData.swift */; };
		1803313D2BAAD67A00A6BEE3 /* SummaryView.swift in Sources */ = {isa = PBXBuildFile; fileRef = 1803313C2BAAD67A00A6BEE3 /* SummaryView.swift */; };
		1803313F2BAADA4200A6BEE3 /* BrowseView.swift in Sources */ = {isa = PBXBuildFile; fileRef = 1803313E2BAADA4200A6BEE3 /* BrowseView.swift */; };
		180331422BAADD8F00A6BEE3 /* CalendarView.swift in Sources */ = {isa = PBXBuildFile; fileRef = 180331412BAADD8F00A6BEE3 /* CalendarView.swift */; };
		1819D5852BB01B780079B527 /* isLogin.swift in Sources */ = {isa = PBXBuildFile; fileRef = 1819D5842BB01B780079B527 /* isLogin.swift */; };
		1819D5872BB01DC90079B527 /* ClassData.swift in Sources */ = {isa = PBXBuildFile; fileRef = 1819D5862BB01DC90079B527 /* ClassData.swift */; };
		1819D5892BB0217F0079B527 /* LoginView.swift in Sources */ = {isa = PBXBuildFile; fileRef = 1819D5882BB0217F0079B527 /* LoginView.swift */; };
		1819D58B2BB0222F0079B527 /* AccountView.swift in Sources */ = {isa = PBXBuildFile; fileRef = 1819D58A2BB0222F0079B527 /* AccountView.swift */; };
		18672EC52BB3BB4300762AC5 /* KeychainSwift in Frameworks */ = {isa = PBXBuildFile; productRef = 18672EC42BB3BB4300762AC5 /* KeychainSwift */; };
		18672EC82BB3E07900762AC5 /* PassView.swift in Sources */ = {isa = PBXBuildFile; fileRef = 18672EC72BB3E07900762AC5 /* PassView.swift */; };
		1875A0512BADD68800B3CD82 /* FetchClass.swift in Sources */ = {isa = PBXBuildFile; fileRef = 1875A0502BADD68800B3CD82 /* FetchClass.swift */; };
		1875A0532BADD6BD00B3CD82 /* WebView.swift in Sources */ = {isa = PBXBuildFile; fileRef = 1875A0522BADD6BD00B3CD82 /* WebView.swift */; };
		1875A0582BADD77500B3CD82 /* Kanna in Frameworks */ = {isa = PBXBuildFile; productRef = 1875A0572BADD77500B3CD82 /* Kanna */; };
		187675D12BB8051900053FB2 /* ClassScheduleView.swift in Sources */ = {isa = PBXBuildFile; fileRef = 187675D02BB8051900053FB2 /* ClassScheduleView.swift */; };
		188E1E922BB9A9C000E32D12 /* SampleDeck.swift in Sources */ = {isa = PBXBuildFile; fileRef = 188E1E912BB9A9C000E32D12 /* SampleDeck.swift */; };
		1895DCF92BB820E400A559E0 /* Date+Extensions.swift in Sources */ = {isa = PBXBuildFile; fileRef = 1895DCF82BB820E400A559E0 /* Date+Extensions.swift */; };
		1895DCFB2BB8236D00A559E0 /* View+Extensions.swift in Sources */ = {isa = PBXBuildFile; fileRef = 1895DCFA2BB8236D00A559E0 /* View+Extensions.swift */; };
		18C8C3C22BAACA4700CB94E2 /* getClassSchedule.swift in Sources */ = {isa = PBXBuildFile; fileRef = 18C8C3C12BAACA4700CB94E2 /* getClassSchedule.swift */; };
		18D6DFCA2BAA7A0B008DD13C /* tku_iosApp.swift in Sources */ = {isa = PBXBuildFile; fileRef = 18D6DFC92BAA7A0B008DD13C /* tku_iosApp.swift */; };
		18D6DFCC2BAA7A0B008DD13C /* ContentView.swift in Sources */ = {isa = PBXBuildFile; fileRef = 18D6DFCB2BAA7A0B008DD13C /* ContentView.swift */; };
		18D6DFCE2BAA7A0D008DD13C /* Assets.xcassets in Resources */ = {isa = PBXBuildFile; fileRef = 18D6DFCD2BAA7A0D008DD13C /* Assets.xcassets */; };
		18D6DFD12BAA7A0D008DD13C /* Preview Assets.xcassets in Resources */ = {isa = PBXBuildFile; fileRef = 18D6DFD02BAA7A0D008DD13C /* Preview Assets.xcassets */; };
		18DA23B72BB41B4E00177287 /* LessonRightNow.swift in Sources */ = {isa = PBXBuildFile; fileRef = 18DA23B62BB41B4E00177287 /* LessonRightNow.swift */; };
/* End PBXBuildFile section */

/* Begin PBXFileReference section */
		180320062BBB062800898B7E /* PreviewSampleData.swift */ = {isa = PBXFileReference; lastKnownFileType = sourcecode.swift; path = PreviewSampleData.swift; sourceTree = "<group>"; };
		1803313C2BAAD67A00A6BEE3 /* SummaryView.swift */ = {isa = PBXFileReference; lastKnownFileType = sourcecode.swift; path = SummaryView.swift; sourceTree = "<group>"; };
		1803313E2BAADA4200A6BEE3 /* BrowseView.swift */ = {isa = PBXFileReference; lastKnownFileType = sourcecode.swift; path = BrowseView.swift; sourceTree = "<group>"; };
		180331412BAADD8F00A6BEE3 /* CalendarView.swift */ = {isa = PBXFileReference; lastKnownFileType = sourcecode.swift; path = CalendarView.swift; sourceTree = "<group>"; };
		1819D5842BB01B780079B527 /* isLogin.swift */ = {isa = PBXFileReference; lastKnownFileType = sourcecode.swift; path = isLogin.swift; sourceTree = "<group>"; };
		1819D5862BB01DC90079B527 /* ClassData.swift */ = {isa = PBXFileReference; lastKnownFileType = sourcecode.swift; path = ClassData.swift; sourceTree = "<group>"; };
		1819D5882BB0217F0079B527 /* LoginView.swift */ = {isa = PBXFileReference; lastKnownFileType = sourcecode.swift; path = LoginView.swift; sourceTree = "<group>"; };
		1819D58A2BB0222F0079B527 /* AccountView.swift */ = {isa = PBXFileReference; lastKnownFileType = sourcecode.swift; path = AccountView.swift; sourceTree = "<group>"; };
		18672EC72BB3E07900762AC5 /* PassView.swift */ = {isa = PBXFileReference; lastKnownFileType = sourcecode.swift; path = PassView.swift; sourceTree = "<group>"; };
		1875A0502BADD68800B3CD82 /* FetchClass.swift */ = {isa = PBXFileReference; lastKnownFileType = sourcecode.swift; path = FetchClass.swift; sourceTree = "<group>"; };
		1875A0522BADD6BD00B3CD82 /* WebView.swift */ = {isa = PBXFileReference; lastKnownFileType = sourcecode.swift; path = WebView.swift; sourceTree = "<group>"; };
		187675D02BB8051900053FB2 /* ClassScheduleView.swift */ = {isa = PBXFileReference; lastKnownFileType = sourcecode.swift; path = ClassScheduleView.swift; sourceTree = "<group>"; };
		188E1E912BB9A9C000E32D12 /* SampleDeck.swift */ = {isa = PBXFileReference; lastKnownFileType = sourcecode.swift; path = SampleDeck.swift; sourceTree = "<group>"; };
		1895DCF82BB820E400A559E0 /* Date+Extensions.swift */ = {isa = PBXFileReference; lastKnownFileType = sourcecode.swift; path = "Date+Extensions.swift"; sourceTree = "<group>"; };
		1895DCFA2BB8236D00A559E0 /* View+Extensions.swift */ = {isa = PBXFileReference; lastKnownFileType = sourcecode.swift; path = "View+Extensions.swift"; sourceTree = "<group>"; };
		18C8C3C12BAACA4700CB94E2 /* getClassSchedule.swift */ = {isa = PBXFileReference; lastKnownFileType = sourcecode.swift; path = getClassSchedule.swift; sourceTree = "<group>"; };
		18D6DFC62BAA7A0B008DD13C /* tku-ios.app */ = {isa = PBXFileReference; explicitFileType = wrapper.application; includeInIndex = 0; path = "tku-ios.app"; sourceTree = BUILT_PRODUCTS_DIR; };
		18D6DFC92BAA7A0B008DD13C /* tku_iosApp.swift */ = {isa = PBXFileReference; lastKnownFileType = sourcecode.swift; path = tku_iosApp.swift; sourceTree = "<group>"; };
		18D6DFCB2BAA7A0B008DD13C /* ContentView.swift */ = {isa = PBXFileReference; lastKnownFileType = sourcecode.swift; path = ContentView.swift; sourceTree = "<group>"; };
		18D6DFCD2BAA7A0D008DD13C /* Assets.xcassets */ = {isa = PBXFileReference; lastKnownFileType = folder.assetcatalog; path = Assets.xcassets; sourceTree = "<group>"; };
		18D6DFD02BAA7A0D008DD13C /* Preview Assets.xcassets */ = {isa = PBXFileReference; lastKnownFileType = folder.assetcatalog; path = "Preview Assets.xcassets"; sourceTree = "<group>"; };
		18DA23B62BB41B4E00177287 /* LessonRightNow.swift */ = {isa = PBXFileReference; lastKnownFileType = sourcecode.swift; path = LessonRightNow.swift; sourceTree = "<group>"; };
/* End PBXFileReference section */

/* Begin PBXFrameworksBuildPhase section */
		18D6DFC32BAA7A0B008DD13C /* Frameworks */ = {
			isa = PBXFrameworksBuildPhase;
			buildActionMask = 2147483647;
			files = (
				18672EC52BB3BB4300762AC5 /* KeychainSwift in Frameworks */,
				1875A0582BADD77500B3CD82 /* Kanna in Frameworks */,
			);
			runOnlyForDeploymentPostprocessing = 0;
		};
/* End PBXFrameworksBuildPhase section */

/* Begin PBXGroup section */
		1803313B2BAAD33700A6BEE3 /* ViewModel */ = {
			isa = PBXGroup;
			children = (
				1875A0502BADD68800B3CD82 /* FetchClass.swift */,
				1819D5842BB01B780079B527 /* isLogin.swift */,
			);
			path = ViewModel;
			sourceTree = "<group>";
		};
		180331402BAADC9000A6BEE3 /* browse */ = {
			isa = PBXGroup;
			children = (
				18672EC92BB3E40800762AC5 /* Calendar */,
				18672EC62BB3E04300762AC5 /* Library */,
			);
			path = browse;
			sourceTree = "<group>";
		};
		180331432BAAE11500A6BEE3 /* Summary */ = {
			isa = PBXGroup;
			children = (
				187675D02BB8051900053FB2 /* ClassScheduleView.swift */,
			);
			path = Summary;
			sourceTree = "<group>";
		};
		18672EC62BB3E04300762AC5 /* Library */ = {
			isa = PBXGroup;
			children = (
				18672EC72BB3E07900762AC5 /* PassView.swift */,
			);
			path = Library;
			sourceTree = "<group>";
		};
		18672EC92BB3E40800762AC5 /* Calendar */ = {
			isa = PBXGroup;
			children = (
				180331412BAADD8F00A6BEE3 /* CalendarView.swift */,
			);
			path = Calendar;
			sourceTree = "<group>";
		};
		18672ECA2BB3E70F00762AC5 /* ClassSchedule */ = {
			isa = PBXGroup;
			children = (
				18C8C3C12BAACA4700CB94E2 /* getClassSchedule.swift */,
				1819D5862BB01DC90079B527 /* ClassData.swift */,
			);
			path = ClassSchedule;
			sourceTree = "<group>";
		};
		1895DCF72BB820C000A559E0 /* Helper */ = {
			isa = PBXGroup;
			children = (
				1895DCF82BB820E400A559E0 /* Date+Extensions.swift */,
				1895DCFA2BB8236D00A559E0 /* View+Extensions.swift */,
				180320062BBB062800898B7E /* PreviewSampleData.swift */,
			);
			path = Helper;
			sourceTree = "<group>";
		};
		18C8C3BD2BAAC92800CB94E2 /* VIew */ = {
			isa = PBXGroup;
			children = (
				18DA23B52BB41B2400177287 /* Helper */,
				18DA23B22BB4110C00177287 /* Account */,
				180331432BAAE11500A6BEE3 /* Summary */,
				180331402BAADC9000A6BEE3 /* browse */,
				1803313C2BAAD67A00A6BEE3 /* SummaryView.swift */,
				1803313E2BAADA4200A6BEE3 /* BrowseView.swift */,
				1819D58A2BB0222F0079B527 /* AccountView.swift */,
			);
			path = VIew;
			sourceTree = "<group>";
		};
		18C8C3C02BAACA0F00CB94E2 /* Model */ = {
			isa = PBXGroup;
			children = (
				18672ECA2BB3E70F00762AC5 /* ClassSchedule */,
				188E1E912BB9A9C000E32D12 /* SampleDeck.swift */,
			);
			path = Model;
			sourceTree = "<group>";
		};
		18D6DFBD2BAA7A0B008DD13C = {
			isa = PBXGroup;
			children = (
				18D6DFC82BAA7A0B008DD13C /* tku-ios */,
				18D6DFC72BAA7A0B008DD13C /* Products */,
			);
			sourceTree = "<group>";
		};
		18D6DFC72BAA7A0B008DD13C /* Products */ = {
			isa = PBXGroup;
			children = (
				18D6DFC62BAA7A0B008DD13C /* tku-ios.app */,
			);
			name = Products;
			sourceTree = "<group>";
		};
		18D6DFC82BAA7A0B008DD13C /* tku-ios */ = {
			isa = PBXGroup;
			children = (
				1895DCF72BB820C000A559E0 /* Helper */,
				1803313B2BAAD33700A6BEE3 /* ViewModel */,
				18C8C3C02BAACA0F00CB94E2 /* Model */,
				18C8C3BD2BAAC92800CB94E2 /* VIew */,
				18D6DFC92BAA7A0B008DD13C /* tku_iosApp.swift */,
				18D6DFCB2BAA7A0B008DD13C /* ContentView.swift */,
				18D6DFCD2BAA7A0D008DD13C /* Assets.xcassets */,
				18D6DFCF2BAA7A0D008DD13C /* Preview Content */,
			);
			path = "tku-ios";
			sourceTree = "<group>";
		};
		18D6DFCF2BAA7A0D008DD13C /* Preview Content */ = {
			isa = PBXGroup;
			children = (
				18D6DFD02BAA7A0D008DD13C /* Preview Assets.xcassets */,
			);
			path = "Preview Content";
			sourceTree = "<group>";
		};
		18DA23B22BB4110C00177287 /* Account */ = {
			isa = PBXGroup;
			children = (
				1875A0522BADD6BD00B3CD82 /* WebView.swift */,
				1819D5882BB0217F0079B527 /* LoginView.swift */,
			);
			path = Account;
			sourceTree = "<group>";
		};
		18DA23B52BB41B2400177287 /* Helper */ = {
			isa = PBXGroup;
			children = (
				18DA23B62BB41B4E00177287 /* LessonRightNow.swift */,
			);
			path = Helper;
			sourceTree = "<group>";
		};
/* End PBXGroup section */

/* Begin PBXNativeTarget section */
		18D6DFC52BAA7A0B008DD13C /* tku-ios */ = {
			isa = PBXNativeTarget;
			buildConfigurationList = 18D6DFD42BAA7A0D008DD13C /* Build configuration list for PBXNativeTarget "tku-ios" */;
			buildPhases = (
				18D6DFC22BAA7A0B008DD13C /* Sources */,
				18D6DFC32BAA7A0B008DD13C /* Frameworks */,
				18D6DFC42BAA7A0B008DD13C /* Resources */,
			);
			buildRules = (
			);
			dependencies = (
			);
			name = "tku-ios";
			packageProductDependencies = (
				1875A0572BADD77500B3CD82 /* Kanna */,
				18672EC42BB3BB4300762AC5 /* KeychainSwift */,
			);
			productName = "tku-ios";
			productReference = 18D6DFC62BAA7A0B008DD13C /* tku-ios.app */;
			productType = "com.apple.product-type.application";
		};
/* End PBXNativeTarget section */

/* Begin PBXProject section */
		18D6DFBE2BAA7A0B008DD13C /* Project object */ = {
			isa = PBXProject;
			attributes = {
				BuildIndependentTargetsInParallel = 1;
				LastSwiftUpdateCheck = 1530;
				LastUpgradeCheck = 1530;
				TargetAttributes = {
					18D6DFC52BAA7A0B008DD13C = {
						CreatedOnToolsVersion = 15.3;
					};
				};
			};
			buildConfigurationList = 18D6DFC12BAA7A0B008DD13C /* Build configuration list for PBXProject "tku-ios" */;
			compatibilityVersion = "Xcode 14.0";
			developmentRegion = en;
			hasScannedForEncodings = 0;
			knownRegions = (
				en,
				Base,
			);
			mainGroup = 18D6DFBD2BAA7A0B008DD13C;
			packageReferences = (
				1875A0562BADD77500B3CD82 /* XCRemoteSwiftPackageReference "Kanna" */,
				18672EC32BB3BB4300762AC5 /* XCRemoteSwiftPackageReference "keychain-swift" */,
			);
			productRefGroup = 18D6DFC72BAA7A0B008DD13C /* Products */;
			projectDirPath = "";
			projectRoot = "";
			targets = (
				18D6DFC52BAA7A0B008DD13C /* tku-ios */,
			);
		};
/* End PBXProject section */

/* Begin PBXResourcesBuildPhase section */
		18D6DFC42BAA7A0B008DD13C /* Resources */ = {
			isa = PBXResourcesBuildPhase;
			buildActionMask = 2147483647;
			files = (
				18D6DFD12BAA7A0D008DD13C /* Preview Assets.xcassets in Resources */,
				18D6DFCE2BAA7A0D008DD13C /* Assets.xcassets in Resources */,
			);
			runOnlyForDeploymentPostprocessing = 0;
		};
/* End PBXResourcesBuildPhase section */

/* Begin PBXSourcesBuildPhase section */
		18D6DFC22BAA7A0B008DD13C /* Sources */ = {
			isa = PBXSourcesBuildPhase;
			buildActionMask = 2147483647;
			files = (
				187675D12BB8051900053FB2 /* ClassScheduleView.swift in Sources */,
				18C8C3C22BAACA4700CB94E2 /* getClassSchedule.swift in Sources */,
				18672EC82BB3E07900762AC5 /* PassView.swift in Sources */,
				1819D5872BB01DC90079B527 /* ClassData.swift in Sources */,
				1875A0532BADD6BD00B3CD82 /* WebView.swift in Sources */,
				1803313D2BAAD67A00A6BEE3 /* SummaryView.swift in Sources */,
				188E1E922BB9A9C000E32D12 /* SampleDeck.swift in Sources */,
				18DA23B72BB41B4E00177287 /* LessonRightNow.swift in Sources */,
				1895DCF92BB820E400A559E0 /* Date+Extensions.swift in Sources */,
				180331422BAADD8F00A6BEE3 /* CalendarView.swift in Sources */,
				1895DCFB2BB8236D00A559E0 /* View+Extensions.swift in Sources */,
				1803313F2BAADA4200A6BEE3 /* BrowseView.swift in Sources */,
				1819D5892BB0217F0079B527 /* LoginView.swift in Sources */,
				18D6DFCC2BAA7A0B008DD13C /* ContentView.swift in Sources */,
				180320072BBB062800898B7E /* PreviewSampleData.swift in Sources */,
				1819D5852BB01B780079B527 /* isLogin.swift in Sources */,
				18D6DFCA2BAA7A0B008DD13C /* tku_iosApp.swift in Sources */,
				1819D58B2BB0222F0079B527 /* AccountView.swift in Sources */,
				1875A0512BADD68800B3CD82 /* FetchClass.swift in Sources */,
			);
			runOnlyForDeploymentPostprocessing = 0;
		};
/* End PBXSourcesBuildPhase section */

/* Begin XCBuildConfiguration section */
		18D6DFD22BAA7A0D008DD13C /* Debug */ = {
			isa = XCBuildConfiguration;
			buildSettings = {
				ALWAYS_SEARCH_USER_PATHS = NO;
				ASSETCATALOG_COMPILER_GENERATE_SWIFT_ASSET_SYMBOL_EXTENSIONS = YES;
				CLANG_ANALYZER_NONNULL = YES;
				CLANG_ANALYZER_NUMBER_OBJECT_CONVERSION = YES_AGGRESSIVE;
				CLANG_CXX_LANGUAGE_STANDARD = "gnu++20";
				CLANG_ENABLE_MODULES = YES;
				CLANG_ENABLE_OBJC_ARC = YES;
				CLANG_ENABLE_OBJC_WEAK = YES;
				CLANG_WARN_BLOCK_CAPTURE_AUTORELEASING = YES;
				CLANG_WARN_BOOL_CONVERSION = YES;
				CLANG_WARN_COMMA = YES;
				CLANG_WARN_CONSTANT_CONVERSION = YES;
				CLANG_WARN_DEPRECATED_OBJC_IMPLEMENTATIONS = YES;
				CLANG_WARN_DIRECT_OBJC_ISA_USAGE = YES_ERROR;
				CLANG_WARN_DOCUMENTATION_COMMENTS = YES;
				CLANG_WARN_EMPTY_BODY = YES;
				CLANG_WARN_ENUM_CONVERSION = YES;
				CLANG_WARN_INFINITE_RECURSION = YES;
				CLANG_WARN_INT_CONVERSION = YES;
				CLANG_WARN_NON_LITERAL_NULL_CONVERSION = YES;
				CLANG_WARN_OBJC_IMPLICIT_RETAIN_SELF = YES;
				CLANG_WARN_OBJC_LITERAL_CONVERSION = YES;
				CLANG_WARN_OBJC_ROOT_CLASS = YES_ERROR;
				CLANG_WARN_QUOTED_INCLUDE_IN_FRAMEWORK_HEADER = YES;
				CLANG_WARN_RANGE_LOOP_ANALYSIS = YES;
				CLANG_WARN_STRICT_PROTOTYPES = YES;
				CLANG_WARN_SUSPICIOUS_MOVE = YES;
				CLANG_WARN_UNGUARDED_AVAILABILITY = YES_AGGRESSIVE;
				CLANG_WARN_UNREACHABLE_CODE = YES;
				CLANG_WARN__DUPLICATE_METHOD_MATCH = YES;
				COPY_PHASE_STRIP = NO;
				DEBUG_INFORMATION_FORMAT = dwarf;
				ENABLE_STRICT_OBJC_MSGSEND = YES;
				ENABLE_TESTABILITY = YES;
				ENABLE_USER_SCRIPT_SANDBOXING = YES;
				GCC_C_LANGUAGE_STANDARD = gnu17;
				GCC_DYNAMIC_NO_PIC = NO;
				GCC_NO_COMMON_BLOCKS = YES;
				GCC_OPTIMIZATION_LEVEL = 0;
				GCC_PREPROCESSOR_DEFINITIONS = (
					"DEBUG=1",
					"$(inherited)",
				);
				GCC_WARN_64_TO_32_BIT_CONVERSION = YES;
				GCC_WARN_ABOUT_RETURN_TYPE = YES_ERROR;
				GCC_WARN_UNDECLARED_SELECTOR = YES;
				GCC_WARN_UNINITIALIZED_AUTOS = YES_AGGRESSIVE;
				GCC_WARN_UNUSED_FUNCTION = YES;
				GCC_WARN_UNUSED_VARIABLE = YES;
				IPHONEOS_DEPLOYMENT_TARGET = 17.4;
				LOCALIZATION_PREFERS_STRING_CATALOGS = YES;
				MTL_ENABLE_DEBUG_INFO = INCLUDE_SOURCE;
				MTL_FAST_MATH = YES;
				ONLY_ACTIVE_ARCH = YES;
				SDKROOT = iphoneos;
				SWIFT_ACTIVE_COMPILATION_CONDITIONS = "DEBUG $(inherited)";
				SWIFT_OPTIMIZATION_LEVEL = "-Onone";
			};
			name = Debug;
		};
		18D6DFD32BAA7A0D008DD13C /* Release */ = {
			isa = XCBuildConfiguration;
			buildSettings = {
				ALWAYS_SEARCH_USER_PATHS = NO;
				ASSETCATALOG_COMPILER_GENERATE_SWIFT_ASSET_SYMBOL_EXTENSIONS = YES;
				CLANG_ANALYZER_NONNULL = YES;
				CLANG_ANALYZER_NUMBER_OBJECT_CONVERSION = YES_AGGRESSIVE;
				CLANG_CXX_LANGUAGE_STANDARD = "gnu++20";
				CLANG_ENABLE_MODULES = YES;
				CLANG_ENABLE_OBJC_ARC = YES;
				CLANG_ENABLE_OBJC_WEAK = YES;
				CLANG_WARN_BLOCK_CAPTURE_AUTORELEASING = YES;
				CLANG_WARN_BOOL_CONVERSION = YES;
				CLANG_WARN_COMMA = YES;
				CLANG_WARN_CONSTANT_CONVERSION = YES;
				CLANG_WARN_DEPRECATED_OBJC_IMPLEMENTATIONS = YES;
				CLANG_WARN_DIRECT_OBJC_ISA_USAGE = YES_ERROR;
				CLANG_WARN_DOCUMENTATION_COMMENTS = YES;
				CLANG_WARN_EMPTY_BODY = YES;
				CLANG_WARN_ENUM_CONVERSION = YES;
				CLANG_WARN_INFINITE_RECURSION = YES;
				CLANG_WARN_INT_CONVERSION = YES;
				CLANG_WARN_NON_LITERAL_NULL_CONVERSION = YES;
				CLANG_WARN_OBJC_IMPLICIT_RETAIN_SELF = YES;
				CLANG_WARN_OBJC_LITERAL_CONVERSION = YES;
				CLANG_WARN_OBJC_ROOT_CLASS = YES_ERROR;
				CLANG_WARN_QUOTED_INCLUDE_IN_FRAMEWORK_HEADER = YES;
				CLANG_WARN_RANGE_LOOP_ANALYSIS = YES;
				CLANG_WARN_STRICT_PROTOTYPES = YES;
				CLANG_WARN_SUSPICIOUS_MOVE = YES;
				CLANG_WARN_UNGUARDED_AVAILABILITY = YES_AGGRESSIVE;
				CLANG_WARN_UNREACHABLE_CODE = YES;
				CLANG_WARN__DUPLICATE_METHOD_MATCH = YES;
				COPY_PHASE_STRIP = NO;
				DEBUG_INFORMATION_FORMAT = "dwarf-with-dsym";
				ENABLE_NS_ASSERTIONS = NO;
				ENABLE_STRICT_OBJC_MSGSEND = YES;
				ENABLE_USER_SCRIPT_SANDBOXING = YES;
				GCC_C_LANGUAGE_STANDARD = gnu17;
				GCC_NO_COMMON_BLOCKS = YES;
				GCC_WARN_64_TO_32_BIT_CONVERSION = YES;
				GCC_WARN_ABOUT_RETURN_TYPE = YES_ERROR;
				GCC_WARN_UNDECLARED_SELECTOR = YES;
				GCC_WARN_UNINITIALIZED_AUTOS = YES_AGGRESSIVE;
				GCC_WARN_UNUSED_FUNCTION = YES;
				GCC_WARN_UNUSED_VARIABLE = YES;
				IPHONEOS_DEPLOYMENT_TARGET = 17.4;
				LOCALIZATION_PREFERS_STRING_CATALOGS = YES;
				MTL_ENABLE_DEBUG_INFO = NO;
				MTL_FAST_MATH = YES;
				SDKROOT = iphoneos;
				SWIFT_COMPILATION_MODE = wholemodule;
				VALIDATE_PRODUCT = YES;
			};
			name = Release;
		};
		18D6DFD52BAA7A0D008DD13C /* Debug */ = {
			isa = XCBuildConfiguration;
			buildSettings = {
				ASSETCATALOG_COMPILER_APPICON_NAME = AppIcon;
				ASSETCATALOG_COMPILER_GLOBAL_ACCENT_COLOR_NAME = AccentColor;
				CODE_SIGN_STYLE = Automatic;
				CURRENT_PROJECT_VERSION = 1;
				DEVELOPMENT_ASSET_PATHS = "\"tku-ios/Preview Content\"";
				DEVELOPMENT_TEAM = J7DG8X424B;
				ENABLE_PREVIEWS = YES;
				GENERATE_INFOPLIST_FILE = YES;
				INFOPLIST_KEY_UIApplicationSceneManifest_Generation = YES;
				INFOPLIST_KEY_UIApplicationSupportsIndirectInputEvents = YES;
				INFOPLIST_KEY_UILaunchScreen_Generation = YES;
				INFOPLIST_KEY_UISupportedInterfaceOrientations_iPad = "UIInterfaceOrientationPortrait UIInterfaceOrientationPortraitUpsideDown UIInterfaceOrientationLandscapeLeft UIInterfaceOrientationLandscapeRight";
				INFOPLIST_KEY_UISupportedInterfaceOrientations_iPhone = "UIInterfaceOrientationPortrait UIInterfaceOrientationLandscapeLeft UIInterfaceOrientationLandscapeRight";
				LD_RUNPATH_SEARCH_PATHS = (
					"$(inherited)",
					"@executable_path/Frameworks",
				);
				MARKETING_VERSION = 1.0;
				PRODUCT_BUNDLE_IDENTIFIER = "cantpr09ram.tku-ios";
				PRODUCT_NAME = "$(TARGET_NAME)";
				SWIFT_EMIT_LOC_STRINGS = YES;
				SWIFT_VERSION = 5.0;
				TARGETED_DEVICE_FAMILY = "1,2";
			};
			name = Debug;
		};
		18D6DFD62BAA7A0D008DD13C /* Release */ = {
			isa = XCBuildConfiguration;
			buildSettings = {
				ASSETCATALOG_COMPILER_APPICON_NAME = AppIcon;
				ASSETCATALOG_COMPILER_GLOBAL_ACCENT_COLOR_NAME = AccentColor;
				CODE_SIGN_STYLE = Automatic;
				CURRENT_PROJECT_VERSION = 1;
				DEVELOPMENT_ASSET_PATHS = "\"tku-ios/Preview Content\"";
				DEVELOPMENT_TEAM = J7DG8X424B;
				ENABLE_PREVIEWS = YES;
				GENERATE_INFOPLIST_FILE = YES;
				INFOPLIST_KEY_UIApplicationSceneManifest_Generation = YES;
				INFOPLIST_KEY_UIApplicationSupportsIndirectInputEvents = YES;
				INFOPLIST_KEY_UILaunchScreen_Generation = YES;
				INFOPLIST_KEY_UISupportedInterfaceOrientations_iPad = "UIInterfaceOrientationPortrait UIInterfaceOrientationPortraitUpsideDown UIInterfaceOrientationLandscapeLeft UIInterfaceOrientationLandscapeRight";
				INFOPLIST_KEY_UISupportedInterfaceOrientations_iPhone = "UIInterfaceOrientationPortrait UIInterfaceOrientationLandscapeLeft UIInterfaceOrientationLandscapeRight";
				LD_RUNPATH_SEARCH_PATHS = (
					"$(inherited)",
					"@executable_path/Frameworks",
				);
				MARKETING_VERSION = 1.0;
				PRODUCT_BUNDLE_IDENTIFIER = "cantpr09ram.tku-ios";
				PRODUCT_NAME = "$(TARGET_NAME)";
				SWIFT_EMIT_LOC_STRINGS = YES;
				SWIFT_VERSION = 5.0;
				TARGETED_DEVICE_FAMILY = "1,2";
			};
			name = Release;
		};
/* End XCBuildConfiguration section */

/* Begin XCConfigurationList section */
		18D6DFC12BAA7A0B008DD13C /* Build configuration list for PBXProject "tku-ios" */ = {
			isa = XCConfigurationList;
			buildConfigurations = (
				18D6DFD22BAA7A0D008DD13C /* Debug */,
				18D6DFD32BAA7A0D008DD13C /* Release */,
			);
			defaultConfigurationIsVisible = 0;
			defaultConfigurationName = Release;
		};
		18D6DFD42BAA7A0D008DD13C /* Build configuration list for PBXNativeTarget "tku-ios" */ = {
			isa = XCConfigurationList;
			buildConfigurations = (
				18D6DFD52BAA7A0D008DD13C /* Debug */,
				18D6DFD62BAA7A0D008DD13C /* Release */,
			);
			defaultConfigurationIsVisible = 0;
			defaultConfigurationName = Release;
		};
/* End XCConfigurationList section */

/* Begin XCRemoteSwiftPackageReference section */
		18672EC32BB3BB4300762AC5 /* XCRemoteSwiftPackageReference "keychain-swift" */ = {
			isa = XCRemoteSwiftPackageReference;
			repositoryURL = "https://github.com/evgenyneu/keychain-swift.git";
			requirement = {
				kind = upToNextMajorVersion;
				minimumVersion = 21.0.0;
			};
		};
		1875A0562BADD77500B3CD82 /* XCRemoteSwiftPackageReference "Kanna" */ = {
			isa = XCRemoteSwiftPackageReference;
			repositoryURL = "https://github.com/tid-kijyun/Kanna.git";
			requirement = {
				kind = upToNextMajorVersion;
				minimumVersion = 5.3.0;
			};
		};
/* End XCRemoteSwiftPackageReference section */

/* Begin XCSwiftPackageProductDependency section */
		18672EC42BB3BB4300762AC5 /* KeychainSwift */ = {
			isa = XCSwiftPackageProductDependency;
			package = 18672EC32BB3BB4300762AC5 /* XCRemoteSwiftPackageReference "keychain-swift" */;
			productName = KeychainSwift;
		};
		1875A0572BADD77500B3CD82 /* Kanna */ = {
			isa = XCSwiftPackageProductDependency;
			package = 1875A0562BADD77500B3CD82 /* XCRemoteSwiftPackageReference "Kanna" */;
			productName = Kanna;
		};
/* End XCSwiftPackageProductDependency section */
	};
	rootObject = 18D6DFBE2BAA7A0B008DD13C /* Project object */;
}
